
Microsoft Visual Studio Solution File, Format Version 12.00
# Visual Studio Version 17
VisualStudioVersion = 17.5.002.0
MinimumVisualStudioVersion = 10.0.40219.1
Project("{9A19103F-16F7-4668-BE54-9A1E7A4F7556}") = "PRJ39076_L4_Ex01", "PRJ39076_L4_Ex01\PRJ39076_L4_Ex01.csproj", "{ECF63221-E455-46BC-8AD3-C31FA927E8FF}"
EndProject
Project("{FAE04EC0-301F-11D3-BF4B-00C04F79EFBC}") = "PRJ39076_L4_Ex02", "PRJ39076_L4_Ex02\PRJ39076_L4_Ex02.csproj", "{5ABDFF0C-0864-4A07-8714-1E9007FD1C1B}"
EndProject
Project("{FAE04EC0-301F-11D3-BF4B-00C04F79EFBC}") = "PRJ39076_L4_Ex03", "PRJ39076_L4_Ex03\PRJ39076_L4_Ex03.csproj", "{1B061C66-21AF-4B85-B052-85997923A227}"
EndProject
Global
	GlobalSection(SolutionConfigurationPlatforms) = preSolution
		Debug|Any CPU = Debug|Any CPU
		Release|Any CPU = Release|Any CPU
	EndGlobalSection
	GlobalSection(ProjectConfigurationPlatforms) = postSolution
		{ECF63221-E455-46BC-8AD3-C31FA927E8FF}.Debug|Any CPU.ActiveCfg = Debug|Any CPU
		{ECF63221-E455-46BC-8AD3-C31FA927E8FF}.Debug|Any CPU.Build.0 = Debug|Any CPU
		{ECF63221-E455-46BC-8AD3-C31FA927E8FF}.Release|Any CPU.ActiveCfg = Release|Any CPU
		{ECF63221-E455-46BC-8AD3-C31FA927E8FF}.Release|Any CPU.Build.0 = Release|Any CPU
		{5ABDFF0C-0864-4A07-8714-1E9007FD1C1B}.Debug|Any CPU.ActiveCfg = Debug|Any CPU
		{5ABDFF0C-0864-4A07-8714-1E9007FD1C1B}.Debug|Any CPU.Build.0 = Debug|Any CPU
		{5ABDFF0C-0864-4A07-8714-1E9007FD1C1B}.Release|Any CPU.ActiveCfg = Release|Any CPU
		{5ABDFF0C-0864-4A07-8714-1E9007FD1C1B}.Release|Any CPU.Build.0 = Release|Any CPU
		{1B061C66-21AF-4B85-B052-85997923A227}.Debug|Any CPU.ActiveCfg = Debug|Any CPU
		{1B061C66-21AF-4B85-B052-85997923A227}.Debug|Any CPU.Build.0 = Debug|Any CPU
		{1B061C66-21AF-4B85-B052-85997923A227}.Release|Any CPU.ActiveCfg = Release|Any CPU
		{1B061C66-21AF-4B85-B052-85997923A227}.Release|Any CPU.Build.0 = Release|Any CPU
	EndGlobalSection
	GlobalSection(SolutionProperties) = preSolution
		HideSolutionNode = FALSE
	EndGlobalSection
	GlobalSection(ExtensibilityGlobals) = postSolution
		SolutionGuid = {626CF23B-05A9-4F36-8BB8-FC0D8EB2F3C5}
	EndGlobalSection
EndGlobal
